
Microsoft Visual Studio Solution File, Format Version 12.00
# Visual Studio Version 17
VisualStudioVersion = 17.0.32014.148
MinimumVisualStudioVersion = 10.0.40219.1
Project("{FAE04EC0-301F-11D3-BF4B-00C04F79EFBC}") = "Helloworld", "Helloworld\Helloworld.csproj", "{21059F7F-6214-494A-B4D9-8B43C5891FFE}"
EndProject
Global
	GlobalSection(SolutionConfigurationPlatforms) = preSolution
		Debug|Any CPU = Debug|Any CPU
		Release|Any CPU = Release|Any CPU
	EndGlobalSection
	GlobalSection(ProjectConfigurationPlatforms) = postSolution
		{21059F7F-6214-494A-B4D9-8B43C5891FFE}.Debug|Any CPU.ActiveCfg = Debug|Any CPU
		{21059F7F-6214-494A-B4D9-8B43C5891FFE}.Debug|Any CPU.Build.0 = Debug|Any CPU
		{21059F7F-6214-494A-B4D9-8B43C5891FFE}.Release|Any CPU.ActiveCfg = Release|Any CPU
		{21059F7F-6214-494A-B4D9-8B43C5891FFE}.Release|Any CPU.Build.0 = Release|Any CPU
	EndGlobalSection
	GlobalSection(SolutionProperties) = preSolution
		HideSolutionNode = FALSE
	EndGlobalSection
	GlobalSection(ExtensibilityGlobals) = postSolution
		SolutionGuid = {072803C3-6BC7-4797-AE83-8C6F4A1EF6A3}
	EndGlobalSection
EndGlobal
