
Microsoft Visual Studio Solution File, Format Version 12.00
# Visual Studio Version 17
VisualStudioVersion = 17.0.32014.148
MinimumVisualStudioVersion = 10.0.40219.1
Project("{FAE04EC0-301F-11D3-BF4B-00C04F79EFBC}") = "SwapTwoNumbers", "SwapTwoNumbers\SwapTwoNumbers.csproj", "{6DBF06D3-32C3-4F03-A385-6B497717F93E}"
EndProject
Global
	GlobalSection(SolutionConfigurationPlatforms) = preSolution
		Debug|Any CPU = Debug|Any CPU
		Release|Any CPU = Release|Any CPU
	EndGlobalSection
	GlobalSection(ProjectConfigurationPlatforms) = postSolution
		{6DBF06D3-32C3-4F03-A385-6B497717F93E}.Debug|Any CPU.ActiveCfg = Debug|Any CPU
		{6DBF06D3-32C3-4F03-A385-6B497717F93E}.Debug|Any CPU.Build.0 = Debug|Any CPU
		{6DBF06D3-32C3-4F03-A385-6B497717F93E}.Release|Any CPU.ActiveCfg = Release|Any CPU
		{6DBF06D3-32C3-4F03-A385-6B497717F93E}.Release|Any CPU.Build.0 = Release|Any CPU
	EndGlobalSection
	GlobalSection(SolutionProperties) = preSolution
		HideSolutionNode = FALSE
	EndGlobalSection
	GlobalSection(ExtensibilityGlobals) = postSolution
		SolutionGuid = {890B6A55-5A9E-4162-93C7-87D819D12B6F}
	EndGlobalSection
EndGlobal
