
Microsoft Visual Studio Solution File, Format Version 12.00
# Visual Studio Version 17
VisualStudioVersion = 17.0.32014.148
MinimumVisualStudioVersion = 10.0.40219.1
Project("{FAE04EC0-301F-11D3-BF4B-00C04F79EFBC}") = "fibonacciseries", "fibonacciseries\fibonacciseries.csproj", "{32A9F673-B49A-48E9-AC23-FA272BF453A6}"
EndProject
Global
	GlobalSection(SolutionConfigurationPlatforms) = preSolution
		Debug|Any CPU = Debug|Any CPU
		Release|Any CPU = Release|Any CPU
	EndGlobalSection
	GlobalSection(ProjectConfigurationPlatforms) = postSolution
		{32A9F673-B49A-48E9-AC23-FA272BF453A6}.Debug|Any CPU.ActiveCfg = Debug|Any CPU
		{32A9F673-B49A-48E9-AC23-FA272BF453A6}.Debug|Any CPU.Build.0 = Debug|Any CPU
		{32A9F673-B49A-48E9-AC23-FA272BF453A6}.Release|Any CPU.ActiveCfg = Release|Any CPU
		{32A9F673-B49A-48E9-AC23-FA272BF453A6}.Release|Any CPU.Build.0 = Release|Any CPU
	EndGlobalSection
	GlobalSection(SolutionProperties) = preSolution
		HideSolutionNode = FALSE
	EndGlobalSection
	GlobalSection(ExtensibilityGlobals) = postSolution
		SolutionGuid = {C0F14CD7-1003-4206-BF3B-FF557D711C8D}
	EndGlobalSection
EndGlobal
